// !$*UTF8*$!
{
	archiveVersion = 1;
	classes = {
	};
	objectVersion = 50;
	objects = {

/* Begin PBXBuildFile section */
		6FEF4FCD265510AB00002B40 /* AppDelegate.swift in Sources */ = {isa = PBXBuildFile; fileRef = 6FEF4FCC265510AB00002B40 /* AppDelegate.swift */; };
		6FEF4FCF265510AB00002B40 /* SceneDelegate.swift in Sources */ = {isa = PBXBuildFile; fileRef = 6FEF4FCE265510AB00002B40 /* SceneDelegate.swift */; };
		6FEF4FD1265510AB00002B40 /* ViewController.swift in Sources */ = {isa = PBXBuildFile; fileRef = 6FEF4FD0265510AB00002B40 /* ViewController.swift */; };
		6FEF4FD4265510AB00002B40 /* Main.storyboard in Resources */ = {isa = PBXBuildFile; fileRef = 6FEF4FD2265510AB00002B40 /* Main.storyboard */; };
		6FEF4FD6265510AE00002B40 /* Assets.xcassets in Resources */ = {isa = PBXBuildFile; fileRef = 6FEF4FD5265510AE00002B40 /* Assets.xcassets */; };
		6FEF4FD9265510AE00002B40 /* LaunchScreen.storyboard in Resources */ = {isa = PBXBuildFile; fileRef = 6FEF4FD7265510AE00002B40 /* LaunchScreen.storyboard */; };
		6FEF4FE4265510AE00002B40 /* BarcodeVinScannerTests.swift in Sources */ = {isa = PBXBuildFile; fileRef = 6FEF4FE3265510AE00002B40 /* BarcodeVinScannerTests.swift */; };
		6FEF4FEF265510AE00002B40 /* BarcodeVinScannerUITests.swift in Sources */ = {isa = PBXBuildFile; fileRef = 6FEF4FEE265510AE00002B40 /* BarcodeVinScannerUITests.swift */; };
/* End PBXBuildFile section */

/* Begin PBXContainerItemProxy section */
		6FEF4FE0265510AE00002B40 /* PBXContainerItemProxy */ = {
			isa = PBXContainerItemProxy;
			containerPortal = 6FEF4FC1265510AA00002B40 /* Project object */;
			proxyType = 1;
			remoteGlobalIDString = 6FEF4FC8265510AB00002B40;
			remoteInfo = BarcodeVinScanner;
		};
		6FEF4FEB265510AE00002B40 /* PBXContainerItemProxy */ = {
			isa = PBXContainerItemProxy;
			containerPortal = 6FEF4FC1265510AA00002B40 /* Project object */;
			proxyType = 1;
			remoteGlobalIDString = 6FEF4FC8265510AB00002B40;
			remoteInfo = BarcodeVinScanner;
		};
/* End PBXContainerItemProxy section */

/* Begin PBXFileReference section */
		6FEF4FC9265510AB00002B40 /* BarcodeVinScanner.app */ = {isa = PBXFileReference; explicitFileType = wrapper.application; includeInIndex = 0; path = BarcodeVinScanner.app; sourceTree = BUILT_PRODUCTS_DIR; };
		6FEF4FCC265510AB00002B40 /* AppDelegate.swift */ = {isa = PBXFileReference; lastKnownFileType = sourcecode.swift; path = AppDelegate.swift; sourceTree = "<group>"; };
		6FEF4FCE265510AB00002B40 /* SceneDelegate.swift */ = {isa = PBXFileReference; lastKnownFileType = sourcecode.swift; path = SceneDelegate.swift; sourceTree = "<group>"; };
		6FEF4FD0265510AB00002B40 /* ViewController.swift */ = {isa = PBXFileReference; lastKnownFileType = sourcecode.swift; path = ViewController.swift; sourceTree = "<group>"; };
		6FEF4FD3265510AB00002B40 /* Base */ = {isa = PBXFileReference; lastKnownFileType = file.storyboard; name = Base; path = Base.lproj/Main.storyboard; sourceTree = "<group>"; };
		6FEF4FD5265510AE00002B40 /* Assets.xcassets */ = {isa = PBXFileReference; lastKnownFileType = folder.assetcatalog; path = Assets.xcassets; sourceTree = "<group>"; };
		6FEF4FD8265510AE00002B40 /* Base */ = {isa = PBXFileReference; lastKnownFileType = file.storyboard; name = Base; path = Base.lproj/LaunchScreen.storyboard; sourceTree = "<group>"; };
		6FEF4FDA265510AE00002B40 /* Info.plist */ = {isa = PBXFileReference; lastKnownFileType = text.plist.xml; path = Info.plist; sourceTree = "<group>"; };
		6FEF4FDF265510AE00002B40 /* BarcodeVinScannerTests.xctest */ = {isa = PBXFileReference; explicitFileType = wrapper.cfbundle; includeInIndex = 0; path = BarcodeVinScannerTests.xctest; sourceTree = BUILT_PRODUCTS_DIR; };
		6FEF4FE3265510AE00002B40 /* BarcodeVinScannerTests.swift */ = {isa = PBXFileReference; lastKnownFileType = sourcecode.swift; path = BarcodeVinScannerTests.swift; sourceTree = "<group>"; };
		6FEF4FE5265510AE00002B40 /* Info.plist */ = {isa = PBXFileReference; lastKnownFileType = text.plist.xml; path = Info.plist; sourceTree = "<group>"; };
		6FEF4FEA265510AE00002B40 /* BarcodeVinScannerUITests.xctest */ = {isa = PBXFileReference; explicitFileType = wrapper.cfbundle; includeInIndex = 0; path = BarcodeVinScannerUITests.xctest; sourceTree = BUILT_PRODUCTS_DIR; };
		6FEF4FEE265510AE00002B40 /* BarcodeVinScannerUITests.swift */ = {isa = PBXFileReference; lastKnownFileType = sourcecode.swift; path = BarcodeVinScannerUITests.swift; sourceTree = "<group>"; };
		6FEF4FF0265510AE00002B40 /* Info.plist */ = {isa = PBXFileReference; lastKnownFileType = text.plist.xml; path = Info.plist; sourceTree = "<group>"; };
/* End PBXFileReference section */

/* Begin PBXFrameworksBuildPhase section */
		6FEF4FC6265510AB00002B40 /* Frameworks */ = {
			isa = PBXFrameworksBuildPhase;
			buildActionMask = 2147483647;
			files = (
			);
			runOnlyForDeploymentPostprocessing = 0;
		};
		6FEF4FDC265510AE00002B40 /* Frameworks */ = {
			isa = PBXFrameworksBuildPhase;
			buildActionMask = 2147483647;
			files = (
			);
			runOnlyForDeploymentPostprocessing = 0;
		};
		6FEF4FE7265510AE00002B40 /* Frameworks */ = {
			isa = PBXFrameworksBuildPhase;
			buildActionMask = 2147483647;
			files = (
			);
			runOnlyForDeploymentPostprocessing = 0;
		};
/* End PBXFrameworksBuildPhase section */

/* Begin PBXGroup section */
		6FEF4FC0265510AA00002B40 = {
			isa = PBXGroup;
			children = (
				6FEF4FCB265510AB00002B40 /* BarcodeVinScanner */,
				6FEF4FE2265510AE00002B40 /* BarcodeVinScannerTests */,
				6FEF4FED265510AE00002B40 /* BarcodeVinScannerUITests */,
				6FEF4FCA265510AB00002B40 /* Products */,
			);
			sourceTree = "<group>";
		};
		6FEF4FCA265510AB00002B40 /* Products */ = {
			isa = PBXGroup;
			children = (
				6FEF4FC9265510AB00002B40 /* BarcodeVinScanner.app */,
				6FEF4FDF265510AE00002B40 /* BarcodeVinScannerTests.xctest */,
				6FEF4FEA265510AE00002B40 /* BarcodeVinScannerUITests.xctest */,
			);
			name = Products;
			sourceTree = "<group>";
		};
		6FEF4FCB265510AB00002B40 /* BarcodeVinScanner */ = {
			isa = PBXGroup;
			children = (
				6FEF4FCC265510AB00002B40 /* AppDelegate.swift */,
				6FEF4FCE265510AB00002B40 /* SceneDelegate.swift */,
				6FEF4FD0265510AB00002B40 /* ViewController.swift */,
				6FEF4FD2265510AB00002B40 /* Main.storyboard */,
				6FEF4FD5265510AE00002B40 /* Assets.xcassets */,
				6FEF4FD7265510AE00002B40 /* LaunchScreen.storyboard */,
				6FEF4FDA265510AE00002B40 /* Info.plist */,
			);
			path = BarcodeVinScanner;
			sourceTree = "<group>";
		};
		6FEF4FE2265510AE00002B40 /* BarcodeVinScannerTests */ = {
			isa = PBXGroup;
			children = (
				6FEF4FE3265510AE00002B40 /* BarcodeVinScannerTests.swift */,
				6FEF4FE5265510AE00002B40 /* Info.plist */,
			);
			path = BarcodeVinScannerTests;
			sourceTree = "<group>";
		};
		6FEF4FED265510AE00002B40 /* BarcodeVinScannerUITests */ = {
			isa = PBXGroup;
			children = (
				6FEF4FEE265510AE00002B40 /* BarcodeVinScannerUITests.swift */,
				6FEF4FF0265510AE00002B40 /* Info.plist */,
			);
			path = BarcodeVinScannerUITests;
			sourceTree = "<group>";
		};
/* End PBXGroup section */

/* Begin PBXNativeTarget section */
		6FEF4FC8265510AB00002B40 /* BarcodeVinScanner */ = {
			isa = PBXNativeTarget;
			buildConfigurationList = 6FEF4FF3265510AF00002B40 /* Build configuration list for PBXNativeTarget "BarcodeVinScanner" */;
			buildPhases = (
				6FEF4FC5265510AB00002B40 /* Sources */,
				6FEF4FC6265510AB00002B40 /* Frameworks */,
				6FEF4FC7265510AB00002B40 /* Resources */,
			);
			buildRules = (
			);
			dependencies = (
			);
			name = BarcodeVinScanner;
			productName = BarcodeVinScanner;
			productReference = 6FEF4FC9265510AB00002B40 /* BarcodeVinScanner.app */;
			productType = "com.apple.product-type.application";
		};
		6FEF4FDE265510AE00002B40 /* BarcodeVinScannerTests */ = {
			isa = PBXNativeTarget;
			buildConfigurationList = 6FEF4FF6265510AF00002B40 /* Build configuration list for PBXNativeTarget "BarcodeVinScannerTests" */;
			buildPhases = (
				6FEF4FDB265510AE00002B40 /* Sources */,
				6FEF4FDC265510AE00002B40 /* Frameworks */,
				6FEF4FDD265510AE00002B40 /* Resources */,
			);
			buildRules = (
			);
			dependencies = (
				6FEF4FE1265510AE00002B40 /* PBXTargetDependency */,
			);
			name = BarcodeVinScannerTests;
			productName = BarcodeVinScannerTests;
			productReference = 6FEF4FDF265510AE00002B40 /* BarcodeVinScannerTests.xctest */;
			productType = "com.apple.product-type.bundle.unit-test";
		};
		6FEF4FE9265510AE00002B40 /* BarcodeVinScannerUITests */ = {
			isa = PBXNativeTarget;
			buildConfigurationList = 6FEF4FF9265510AF00002B40 /* Build configuration list for PBXNativeTarget "BarcodeVinScannerUITests" */;
			buildPhases = (
				6FEF4FE6265510AE00002B40 /* Sources */,
				6FEF4FE7265510AE00002B40 /* Frameworks */,
				6FEF4FE8265510AE00002B40 /* Resources */,
			);
			buildRules = (
			);
			dependencies = (
				6FEF4FEC265510AE00002B40 /* PBXTargetDependency */,
			);
			name = BarcodeVinScannerUITests;
			productName = BarcodeVinScannerUITests;
			productReference = 6FEF4FEA265510AE00002B40 /* BarcodeVinScannerUITests.xctest */;
			productType = "com.apple.product-type.bundle.ui-testing";
		};
/* End PBXNativeTarget section */

/* Begin PBXProject section */
		6FEF4FC1265510AA00002B40 /* Project object */ = {
			isa = PBXProject;
			attributes = {
				LastSwiftUpdateCheck = 1250;
				LastUpgradeCheck = 1250;
				TargetAttributes = {
					6FEF4FC8265510AB00002B40 = {
						CreatedOnToolsVersion = 12.5;
					};
					6FEF4FDE265510AE00002B40 = {
						CreatedOnToolsVersion = 12.5;
						TestTargetID = 6FEF4FC8265510AB00002B40;
					};
					6FEF4FE9265510AE00002B40 = {
						CreatedOnToolsVersion = 12.5;
						TestTargetID = 6FEF4FC8265510AB00002B40;
					};
				};
			};
			buildConfigurationList = 6FEF4FC4265510AA00002B40 /* Build configuration list for PBXProject "BarcodeVinScanner" */;
			compatibilityVersion = "Xcode 9.3";
			developmentRegion = en;
			hasScannedForEncodings = 0;
			knownRegions = (
				en,
				Base,
			);
			mainGroup = 6FEF4FC0265510AA00002B40;
			productRefGroup = 6FEF4FCA265510AB00002B40 /* Products */;
			projectDirPath = "";
			projectRoot = "";
			targets = (
				6FEF4FC8265510AB00002B40 /* BarcodeVinScanner */,
				6FEF4FDE265510AE00002B40 /* BarcodeVinScannerTests */,
				6FEF4FE9265510AE00002B40 /* BarcodeVinScannerUITests */,
			);
		};
/* End PBXProject section */

/* Begin PBXResourcesBuildPhase section */
		6FEF4FC7265510AB00002B40 /* Resources */ = {
			isa = PBXResourcesBuildPhase;
			buildActionMask = 2147483647;
			files = (
				6FEF4FD9265510AE00002B40 /* LaunchScreen.storyboard in Resources */,
				6FEF4FD6265510AE00002B40 /* Assets.xcassets in Resources */,
				6FEF4FD4265510AB00002B40 /* Main.storyboard in Resources */,
			);
			runOnlyForDeploymentPostprocessing = 0;
		};
		6FEF4FDD265510AE00002B40 /* Resources */ = {
			isa = PBXResourcesBuildPhase;
			buildActionMask = 2147483647;
			files = (
			);
			runOnlyForDeploymentPostprocessing = 0;
		};
		6FEF4FE8265510AE00002B40 /* Resources */ = {
			isa = PBXResourcesBuildPhase;
			buildActionMask = 2147483647;
			files = (
			);
			runOnlyForDeploymentPostprocessing = 0;
		};
/* End PBXResourcesBuildPhase section */

/* Begin PBXSourcesBuildPhase section */
		6FEF4FC5265510AB00002B40 /* Sources */ = {
			isa = PBXSourcesBuildPhase;
			buildActionMask = 2147483647;
			files = (
				6FEF4FD1265510AB00002B40 /* ViewController.swift in Sources */,
				6FEF4FCD265510AB00002B40 /* AppDelegate.swift in Sources */,
				6FEF4FCF265510AB00002B40 /* SceneDelegate.swift in Sources */,
			);
			runOnlyForDeploymentPostprocessing = 0;
		};
		6FEF4FDB265510AE00002B40 /* Sources */ = {
			isa = PBXSourcesBuildPhase;
			buildActionMask = 2147483647;
			files = (
				6FEF4FE4265510AE00002B40 /* BarcodeVinScannerTests.swift in Sources */,
			);
			runOnlyForDeploymentPostprocessing = 0;
		};
		6FEF4FE6265510AE00002B40 /* Sources */ = {
			isa = PBXSourcesBuildPhase;
			buildActionMask = 2147483647;
			files = (
				6FEF4FEF265510AE00002B40 /* BarcodeVinScannerUITests.swift in Sources */,
			);
			runOnlyForDeploymentPostprocessing = 0;
		};
/* End PBXSourcesBuildPhase section */

/* Begin PBXTargetDependency section */
		6FEF4FE1265510AE00002B40 /* PBXTargetDependency */ = {
			isa = PBXTargetDependency;
			target = 6FEF4FC8265510AB00002B40 /* BarcodeVinScanner */;
			targetProxy = 6FEF4FE0265510AE00002B40 /* PBXContainerItemProxy */;
		};
		6FEF4FEC265510AE00002B40 /* PBXTargetDependency */ = {
			isa = PBXTargetDependency;
			target = 6FEF4FC8265510AB00002B40 /* BarcodeVinScanner */;
			targetProxy = 6FEF4FEB265510AE00002B40 /* PBXContainerItemProxy */;
		};
/* End PBXTargetDependency section */

/* Begin PBXVariantGroup section */
		6FEF4FD2265510AB00002B40 /* Main.storyboard */ = {
			isa = PBXVariantGroup;
			children = (
				6FEF4FD3265510AB00002B40 /* Base */,
			);
			name = Main.storyboard;
			sourceTree = "<group>";
		};
		6FEF4FD7265510AE00002B40 /* LaunchScreen.storyboard */ = {
			isa = PBXVariantGroup;
			children = (
				6FEF4FD8265510AE00002B40 /* Base */,
			);
			name = LaunchScreen.storyboard;
			sourceTree = "<group>";
		};
/* End PBXVariantGroup section */

/* Begin XCBuildConfiguration section */
		6FEF4FF1265510AE00002B40 /* Debug */ = {
			isa = XCBuildConfiguration;
			buildSettings = {
				ALWAYS_SEARCH_USER_PATHS = NO;
				CLANG_ANALYZER_NONNULL = YES;
				CLANG_ANALYZER_NUMBER_OBJECT_CONVERSION = YES_AGGRESSIVE;
				CLANG_CXX_LANGUAGE_STANDARD = "gnu++14";
				CLANG_CXX_LIBRARY = "libc++";
				CLANG_ENABLE_MODULES = YES;
				CLANG_ENABLE_OBJC_ARC = YES;
				CLANG_ENABLE_OBJC_WEAK = YES;
				CLANG_WARN_BLOCK_CAPTURE_AUTORELEASING = YES;
				CLANG_WARN_BOOL_CONVERSION = YES;
				CLANG_WARN_COMMA = YES;
				CLANG_WARN_CONSTANT_CONVERSION = YES;
				CLANG_WARN_DEPRECATED_OBJC_IMPLEMENTATIONS = YES;
				CLANG_WARN_DIRECT_OBJC_ISA_USAGE = YES_ERROR;
				CLANG_WARN_DOCUMENTATION_COMMENTS = YES;
				CLANG_WARN_EMPTY_BODY = YES;
				CLANG_WARN_ENUM_CONVERSION = YES;
				CLANG_WARN_INFINITE_RECURSION = YES;
				CLANG_WARN_INT_CONVERSION = YES;
				CLANG_WARN_NON_LITERAL_NULL_CONVERSION = YES;
				CLANG_WARN_OBJC_IMPLICIT_RETAIN_SELF = YES;
				CLANG_WARN_OBJC_LITERAL_CONVERSION = YES;
				CLANG_WARN_OBJC_ROOT_CLASS = YES_ERROR;
				CLANG_WARN_QUOTED_INCLUDE_IN_FRAMEWORK_HEADER = YES;
				CLANG_WARN_RANGE_LOOP_ANALYSIS = YES;
				CLANG_WARN_STRICT_PROTOTYPES = YES;
				CLANG_WARN_SUSPICIOUS_MOVE = YES;
				CLANG_WARN_UNGUARDED_AVAILABILITY = YES_AGGRESSIVE;
				CLANG_WARN_UNREACHABLE_CODE = YES;
				CLANG_WARN__DUPLICATE_METHOD_MATCH = YES;
				COPY_PHASE_STRIP = NO;
				DEBUG_INFORMATION_FORMAT = dwarf;
				ENABLE_STRICT_OBJC_MSGSEND = YES;
				ENABLE_TESTABILITY = YES;
				GCC_C_LANGUAGE_STANDARD = gnu11;
				GCC_DYNAMIC_NO_PIC = NO;
				GCC_NO_COMMON_BLOCKS = YES;
				GCC_OPTIMIZATION_LEVEL = 0;
				GCC_PREPROCESSOR_DEFINITIONS = (
					"DEBUG=1",
					"$(inherited)",
				);
				GCC_WARN_64_TO_32_BIT_CONVERSION = YES;
				GCC_WARN_ABOUT_RETURN_TYPE = YES_ERROR;
				GCC_WARN_UNDECLARED_SELECTOR = YES;
				GCC_WARN_UNINITIALIZED_AUTOS = YES_AGGRESSIVE;
				GCC_WARN_UNUSED_FUNCTION = YES;
				GCC_WARN_UNUSED_VARIABLE = YES;
				IPHONEOS_DEPLOYMENT_TARGET = 14.5;
				MTL_ENABLE_DEBUG_INFO = INCLUDE_SOURCE;
				MTL_FAST_MATH = YES;
				ONLY_ACTIVE_ARCH = YES;
				SDKROOT = iphoneos;
				SWIFT_ACTIVE_COMPILATION_CONDITIONS = DEBUG;
				SWIFT_OPTIMIZATION_LEVEL = "-Onone";
			};
			name = Debug;
		};
		6FEF4FF2265510AE00002B40 /* Release */ = {
			isa = XCBuildConfiguration;
			buildSettings = {
				ALWAYS_SEARCH_USER_PATHS = NO;
				CLANG_ANALYZER_NONNULL = YES;
				CLANG_ANALYZER_NUMBER_OBJECT_CONVERSION = YES_AGGRESSIVE;
				CLANG_CXX_LANGUAGE_STANDARD = "gnu++14";
				CLANG_CXX_LIBRARY = "libc++";
				CLANG_ENABLE_MODULES = YES;
				CLANG_ENABLE_OBJC_ARC = YES;
				CLANG_ENABLE_OBJC_WEAK = YES;
				CLANG_WARN_BLOCK_CAPTURE_AUTORELEASING = YES;
				CLANG_WARN_BOOL_CONVERSION = YES;
				CLANG_WARN_COMMA = YES;
				CLANG_WARN_CONSTANT_CONVERSION = YES;
				CLANG_WARN_DEPRECATED_OBJC_IMPLEMENTATIONS = YES;
				CLANG_WARN_DIRECT_OBJC_ISA_USAGE = YES_ERROR;
				CLANG_WARN_DOCUMENTATION_COMMENTS = YES;
				CLANG_WARN_EMPTY_BODY = YES;
				CLANG_WARN_ENUM_CONVERSION = YES;
				CLANG_WARN_INFINITE_RECURSION = YES;
				CLANG_WARN_INT_CONVERSION = YES;
				CLANG_WARN_NON_LITERAL_NULL_CONVERSION = YES;
				CLANG_WARN_OBJC_IMPLICIT_RETAIN_SELF = YES;
				CLANG_WARN_OBJC_LITERAL_CONVERSION = YES;
				CLANG_WARN_OBJC_ROOT_CLASS = YES_ERROR;
				CLANG_WARN_QUOTED_INCLUDE_IN_FRAMEWORK_HEADER = YES;
				CLANG_WARN_RANGE_LOOP_ANALYSIS = YES;
				CLANG_WARN_STRICT_PROTOTYPES = YES;
				CLANG_WARN_SUSPICIOUS_MOVE = YES;
				CLANG_WARN_UNGUARDED_AVAILABILITY = YES_AGGRESSIVE;
				CLANG_WARN_UNREACHABLE_CODE = YES;
				CLANG_WARN__DUPLICATE_METHOD_MATCH = YES;
				COPY_PHASE_STRIP = NO;
				DEBUG_INFORMATION_FORMAT = "dwarf-with-dsym";
				ENABLE_NS_ASSERTIONS = NO;
				ENABLE_STRICT_OBJC_MSGSEND = YES;
				GCC_C_LANGUAGE_STANDARD = gnu11;
				GCC_NO_COMMON_BLOCKS = YES;
				GCC_WARN_64_TO_32_BIT_CONVERSION = YES;
				GCC_WARN_ABOUT_RETURN_TYPE = YES_ERROR;
				GCC_WARN_UNDECLARED_SELECTOR = YES;
				GCC_WARN_UNINITIALIZED_AUTOS = YES_AGGRESSIVE;
				GCC_WARN_UNUSED_FUNCTION = YES;
				GCC_WARN_UNUSED_VARIABLE = YES;
				IPHONEOS_DEPLOYMENT_TARGET = 14.5;
				MTL_ENABLE_DEBUG_INFO = NO;
				MTL_FAST_MATH = YES;
				SDKROOT = iphoneos;
				SWIFT_COMPILATION_MODE = wholemodule;
				SWIFT_OPTIMIZATION_LEVEL = "-O";
				VALIDATE_PRODUCT = YES;
			};
			name = Release;
		};
		6FEF4FF4265510AF00002B40 /* Debug */ = {
			isa = XCBuildConfiguration;
			buildSettings = {
				ASSETCATALOG_COMPILER_APPICON_NAME = AppIcon;
				ASSETCATALOG_COMPILER_GLOBAL_ACCENT_COLOR_NAME = AccentColor;
				CODE_SIGN_STYLE = Automatic;
				DEVELOPMENT_TEAM = AHC8CUGN7V;
				INFOPLIST_FILE = BarcodeVinScanner/Info.plist;
				LD_RUNPATH_SEARCH_PATHS = (
					"$(inherited)",
					"@executable_path/Frameworks",
				);
				PRODUCT_BUNDLE_IDENTIFIER = com.rhaiduk.BarcodeVinScanner;
				PRODUCT_NAME = "$(TARGET_NAME)";
				SWIFT_VERSION = 5.0;
				TARGETED_DEVICE_FAMILY = "1,2";
			};
			name = Debug;
		};
		6FEF4FF5265510AF00002B40 /* Release */ = {
			isa = XCBuildConfiguration;
			buildSettings = {
				ASSETCATALOG_COMPILER_APPICON_NAME = AppIcon;
				ASSETCATALOG_COMPILER_GLOBAL_ACCENT_COLOR_NAME = AccentColor;
				CODE_SIGN_STYLE = Automatic;
				DEVELOPMENT_TEAM = AHC8CUGN7V;
				INFOPLIST_FILE = BarcodeVinScanner/Info.plist;
				LD_RUNPATH_SEARCH_PATHS = (
					"$(inherited)",
					"@executable_path/Frameworks",
				);
				PRODUCT_BUNDLE_IDENTIFIER = com.rhaiduk.BarcodeVinScanner;
				PRODUCT_NAME = "$(TARGET_NAME)";
				SWIFT_VERSION = 5.0;
				TARGETED_DEVICE_FAMILY = "1,2";
			};
			name = Release;
		};
		6FEF4FF7265510AF00002B40 /* Debug */ = {
			isa = XCBuildConfiguration;
			buildSettings = {
				ALWAYS_EMBED_SWIFT_STANDARD_LIBRARIES = YES;
				BUNDLE_LOADER = "$(TEST_HOST)";
				CODE_SIGN_STYLE = Automatic;
				DEVELOPMENT_TEAM = AHC8CUGN7V;
				INFOPLIST_FILE = BarcodeVinScannerTests/Info.plist;
				IPHONEOS_DEPLOYMENT_TARGET = 14.5;
				LD_RUNPATH_SEARCH_PATHS = (
					"$(inherited)",
					"@executable_path/Frameworks",
					"@loader_path/Frameworks",
				);
				PRODUCT_BUNDLE_IDENTIFIER = com.rhaiduk.BarcodeVinScannerTests;
				PRODUCT_NAME = "$(TARGET_NAME)";
				SWIFT_VERSION = 5.0;
				TARGETED_DEVICE_FAMILY = "1,2";
				TEST_HOST = "$(BUILT_PRODUCTS_DIR)/BarcodeVinScanner.app/BarcodeVinScanner";
			};
			name = Debug;
		};
		6FEF4FF8265510AF00002B40 /* Release */ = {
			isa = XCBuildConfiguration;
			buildSettings = {
				ALWAYS_EMBED_SWIFT_STANDARD_LIBRARIES = YES;
				BUNDLE_LOADER = "$(TEST_HOST)";
				CODE_SIGN_STYLE = Automatic;
				DEVELOPMENT_TEAM = AHC8CUGN7V;
				INFOPLIST_FILE = BarcodeVinScannerTests/Info.plist;
				IPHONEOS_DEPLOYMENT_TARGET = 14.5;
				LD_RUNPATH_SEARCH_PATHS = (
					"$(inherited)",
					"@executable_path/Frameworks",
					"@loader_path/Frameworks",
				);
				PRODUCT_BUNDLE_IDENTIFIER = com.rhaiduk.BarcodeVinScannerTests;
				PRODUCT_NAME = "$(TARGET_NAME)";
				SWIFT_VERSION = 5.0;
				TARGETED_DEVICE_FAMILY = "1,2";
				TEST_HOST = "$(BUILT_PRODUCTS_DIR)/BarcodeVinScanner.app/BarcodeVinScanner";
			};
			name = Release;
		};
		6FEF4FFA265510AF00002B40 /* Debug */ = {
			isa = XCBuildConfiguration;
			buildSettings = {
				ALWAYS_EMBED_SWIFT_STANDARD_LIBRARIES = YES;
				CODE_SIGN_STYLE = Automatic;
				DEVELOPMENT_TEAM = AHC8CUGN7V;
				INFOPLIST_FILE = BarcodeVinScannerUITests/Info.plist;
				LD_RUNPATH_SEARCH_PATHS = (
					"$(inherited)",
					"@executable_path/Frameworks",
					"@loader_path/Frameworks",
				);
				PRODUCT_BUNDLE_IDENTIFIER = com.rhaiduk.BarcodeVinScannerUITests;
				PRODUCT_NAME = "$(TARGET_NAME)";
				SWIFT_VERSION = 5.0;
				TARGETED_DEVICE_FAMILY = "1,2";
				TEST_TARGET_NAME = BarcodeVinScanner;
			};
			name = Debug;
		};
		6FEF4FFB265510AF00002B40 /* Release */ = {
			isa = XCBuildConfiguration;
			buildSettings = {
				ALWAYS_EMBED_SWIFT_STANDARD_LIBRARIES = YES;
				CODE_SIGN_STYLE = Automatic;
				DEVELOPMENT_TEAM = AHC8CUGN7V;
				INFOPLIST_FILE = BarcodeVinScannerUITests/Info.plist;
				LD_RUNPATH_SEARCH_PATHS = (
					"$(inherited)",
					"@executable_path/Frameworks",
					"@loader_path/Frameworks",
				);
				PRODUCT_BUNDLE_IDENTIFIER = com.rhaiduk.BarcodeVinScannerUITests;
				PRODUCT_NAME = "$(TARGET_NAME)";
				SWIFT_VERSION = 5.0;
				TARGETED_DEVICE_FAMILY = "1,2";
				TEST_TARGET_NAME = BarcodeVinScanner;
			};
			name = Release;
		};
/* End XCBuildConfiguration section */

/* Begin XCConfigurationList section */
		6FEF4FC4265510AA00002B40 /* Build configuration list for PBXProject "BarcodeVinScanner" */ = {
			isa = XCConfigurationList;
			buildConfigurations = (
				6FEF4FF1265510AE00002B40 /* Debug */,
				6FEF4FF2265510AE00002B40 /* Release */,
			);
			defaultConfigurationIsVisible = 0;
			defaultConfigurationName = Release;
		};
		6FEF4FF3265510AF00002B40 /* Build configuration list for PBXNativeTarget "BarcodeVinScanner" */ = {
			isa = XCConfigurationList;
			buildConfigurations = (
				6FEF4FF4265510AF00002B40 /* Debug */,
				6FEF4FF5265510AF00002B40 /* Release */,
			);
			defaultConfigurationIsVisible = 0;
			defaultConfigurationName = Release;
		};
		6FEF4FF6265510AF00002B40 /* Build configuration list for PBXNativeTarget "BarcodeVinScannerTests" */ = {
			isa = XCConfigurationList;
			buildConfigurations = (
				6FEF4FF7265510AF00002B40 /* Debug */,
				6FEF4FF8265510AF00002B40 /* Release */,
			);
			defaultConfigurationIsVisible = 0;
			defaultConfigurationName = Release;
		};
		6FEF4FF9265510AF00002B40 /* Build configuration list for PBXNativeTarget "BarcodeVinScannerUITests" */ = {
			isa = XCConfigurationList;
			buildConfigurations = (
				6FEF4FFA265510AF00002B40 /* Debug */,
				6FEF4FFB265510AF00002B40 /* Release */,
			);
			defaultConfigurationIsVisible = 0;
			defaultConfigurationName = Release;
		};
/* End XCConfigurationList section */
	};
	rootObject = 6FEF4FC1265510AA00002B40 /* Project object */;
}
